// !$*UTF8*$!
{
	archiveVersion = 1;
	classes = {
	};
	objectVersion = 77;
	objects = {

/* Begin PBXContainerItemProxy section */
		588672962E30F642006F9C95 /* PBXContainerItemProxy */ = {
			isa = PBXContainerItemProxy;
			containerPortal = 588672802E30F641006F9C95 /* Project object */;
			proxyType = 1;
			remoteGlobalIDString = 588672872E30F641006F9C95;
			remoteInfo = FitnessBoo;
		};
		588672A02E30F642006F9C95 /* PBXContainerItemProxy */ = {
			isa = PBXContainerItemProxy;
			containerPortal = 588672802E30F641006F9C95 /* Project object */;
			proxyType = 1;
			remoteGlobalIDString = 588672872E30F641006F9C95;
			remoteInfo = FitnessBoo;
		};
/* End PBXContainerItemProxy section */

/* Begin PBXFileReference section */
		588672882E30F641006F9C95 /* FitnessBoo.app */ = {isa = PBXFileReference; explicitFileType = wrapper.application; includeInIndex = 0; path = FitnessBoo.app; sourceTree = BUILT_PRODUCTS_DIR; };
		588672952E30F642006F9C95 /* FitnessBooTests.xctest */ = {isa = PBXFileReference; explicitFileType = wrapper.cfbundle; includeInIndex = 0; path = FitnessBooTests.xctest; sourceTree = BUILT_PRODUCTS_DIR; };
		5886729F2E30F642006F9C95 /* FitnessBooUITests.xctest */ = {isa = PBXFileReference; explicitFileType = wrapper.cfbundle; includeInIndex = 0; path = FitnessBooUITests.xctest; sourceTree = BUILT_PRODUCTS_DIR; };
/* End PBXFileReference section */

/* Begin PBXFileSystemSynchronizedRootGroup section */
		5886728A2E30F641006F9C95 /* FitnessBoo */ = {
			isa = PBXFileSystemSynchronizedRootGroup;
			path = FitnessBoo;
			sourceTree = "<group>";
		};
		588672982E30F642006F9C95 /* FitnessBooTests */ = {
			isa = PBXFileSystemSynchronizedRootGroup;
			path = FitnessBooTests;
			sourceTree = "<group>";
		};
		588672A22E30F642006F9C95 /* FitnessBooUITests */ = {
			isa = PBXFileSystemSynchronizedRootGroup;
			path = FitnessBooUITests;
			sourceTree = "<group>";
		};
/* End PBXFileSystemSynchronizedRootGroup section */

/* Begin PBXFrameworksBuildPhase section */
		588672852E30F641006F9C95 /* Frameworks */ = {
			isa = PBXFrameworksBuildPhase;
			buildActionMask = 2147483647;
			files = (
			);
			runOnlyForDeploymentPostprocessing = 0;
		};
		588672922E30F642006F9C95 /* Frameworks */ = {
			isa = PBXFrameworksBuildPhase;
			buildActionMask = 2147483647;
			files = (
			);
			runOnlyForDeploymentPostprocessing = 0;
		};
		5886729C2E30F642006F9C95 /* Frameworks */ = {
			isa = PBXFrameworksBuildPhase;
			buildActionMask = 2147483647;
			files = (
			);
			runOnlyForDeploymentPostprocessing = 0;
		};
/* End PBXFrameworksBuildPhase section */

/* Begin PBXGroup section */
		5886727F2E30F641006F9C95 = {
			isa = PBXGroup;
			children = (
				5886728A2E30F641006F9C95 /* FitnessBoo */,
				588672982E30F642006F9C95 /* FitnessBooTests */,
				588672A22E30F642006F9C95 /* FitnessBooUITests */,
				588672892E30F641006F9C95 /* Products */,
			);
			sourceTree = "<group>";
		};
		588672892E30F641006F9C95 /* Products */ = {
			isa = PBXGroup;
			children = (
				588672882E30F641006F9C95 /* FitnessBoo.app */,
				588672952E30F642006F9C95 /* FitnessBooTests.xctest */,
				5886729F2E30F642006F9C95 /* FitnessBooUITests.xctest */,
			);
			name = Products;
			sourceTree = "<group>";
		};
/* End PBXGroup section */

/* Begin PBXNativeTarget section */
		588672872E30F641006F9C95 /* FitnessBoo */ = {
			isa = PBXNativeTarget;
			buildConfigurationList = 588672A92E30F642006F9C95 /* Build configuration list for PBXNativeTarget "FitnessBoo" */;
			buildPhases = (
				588672842E30F641006F9C95 /* Sources */,
				588672852E30F641006F9C95 /* Frameworks */,
				588672862E30F641006F9C95 /* Resources */,
			);
			buildRules = (
			);
			dependencies = (
			);
			fileSystemSynchronizedGroups = (
				5886728A2E30F641006F9C95 /* FitnessBoo */,
			);
			name = FitnessBoo;
			packageProductDependencies = (
			);
			productName = FitnessBoo;
			productReference = 588672882E30F641006F9C95 /* FitnessBoo.app */;
			productType = "com.apple.product-type.application";
		};
		588672942E30F642006F9C95 /* FitnessBooTests */ = {
			isa = PBXNativeTarget;
			buildConfigurationList = 588672AC2E30F642006F9C95 /* Build configuration list for PBXNativeTarget "FitnessBooTests" */;
			buildPhases = (
				588672912E30F642006F9C95 /* Sources */,
				588672922E30F642006F9C95 /* Frameworks */,
				588672932E30F642006F9C95 /* Resources */,
			);
			buildRules = (
			);
			dependencies = (
				588672972E30F642006F9C95 /* PBXTargetDependency */,
			);
			fileSystemSynchronizedGroups = (
				588672982E30F642006F9C95 /* FitnessBooTests */,
			);
			name = FitnessBooTests;
			packageProductDependencies = (
			);
			productName = FitnessBooTests;
			productReference = 588672952E30F642006F9C95 /* FitnessBooTests.xctest */;
			productType = "com.apple.product-type.bundle.unit-test";
		};
		5886729E2E30F642006F9C95 /* FitnessBooUITests */ = {
			isa = PBXNativeTarget;
			buildConfigurationList = 588672AF2E30F642006F9C95 /* Build configuration list for PBXNativeTarget "FitnessBooUITests" */;
			buildPhases = (
				5886729B2E30F642006F9C95 /* Sources */,
				5886729C2E30F642006F9C95 /* Frameworks */,
				5886729D2E30F642006F9C95 /* Resources */,
			);
			buildRules = (
			);
			dependencies = (
				588672A12E30F642006F9C95 /* PBXTargetDependency */,
			);
			fileSystemSynchronizedGroups = (
				588672A22E30F642006F9C95 /* FitnessBooUITests */,
			);
			name = FitnessBooUITests;
			packageProductDependencies = (
			);
			productName = FitnessBooUITests;
			productReference = 5886729F2E30F642006F9C95 /* FitnessBooUITests.xctest */;
			productType = "com.apple.product-type.bundle.ui-testing";
		};
/* End PBXNativeTarget section */

/* Begin PBXProject section */
		588672802E30F641006F9C95 /* Project object */ = {
			isa = PBXProject;
			attributes = {
				BuildIndependentTargetsInParallel = 1;
				LastSwiftUpdateCheck = 1640;
				LastUpgradeCheck = 1640;
				TargetAttributes = {
					588672872E30F641006F9C95 = {
						CreatedOnToolsVersion = 16.4;
					};
					588672942E30F642006F9C95 = {
						CreatedOnToolsVersion = 16.4;
						TestTargetID = 588672872E30F641006F9C95;
					};
					5886729E2E30F642006F9C95 = {
						CreatedOnToolsVersion = 16.4;
						TestTargetID = 588672872E30F641006F9C95;
					};
				};
			};
			buildConfigurationList = 588672832E30F641006F9C95 /* Build configuration list for PBXProject "FitnessBoo" */;
			developmentRegion = en;
			hasScannedForEncodings = 0;
			knownRegions = (
				en,
				Base,
			);
			mainGroup = 5886727F2E30F641006F9C95;
			minimizedProjectReferenceProxies = 1;
			preferredProjectObjectVersion = 77;
			productRefGroup = 588672892E30F641006F9C95 /* Products */;
			projectDirPath = "";
			projectRoot = "";
			targets = (
				588672872E30F641006F9C95 /* FitnessBoo */,
				588672942E30F642006F9C95 /* FitnessBooTests */,
				5886729E2E30F642006F9C95 /* FitnessBooUITests */,
			);
		};
/* End PBXProject section */

/* Begin PBXResourcesBuildPhase section */
		588672862E30F641006F9C95 /* Resources */ = {
			isa = PBXResourcesBuildPhase;
			buildActionMask = 2147483647;
			files = (
			);
			runOnlyForDeploymentPostprocessing = 0;
		};
		588672932E30F642006F9C95 /* Resources */ = {
			isa = PBXResourcesBuildPhase;
			buildActionMask = 2147483647;
			files = (
			);
			runOnlyForDeploymentPostprocessing = 0;
		};
		5886729D2E30F642006F9C95 /* Resources */ = {
			isa = PBXResourcesBuildPhase;
			buildActionMask = 2147483647;
			files = (
			);
			runOnlyForDeploymentPostprocessing = 0;
		};
/* End PBXResourcesBuildPhase section */

/* Begin PBXSourcesBuildPhase section */
		588672842E30F641006F9C95 /* Sources */ = {
			isa = PBXSourcesBuildPhase;
			buildActionMask = 2147483647;
			files = (
			);
			runOnlyForDeploymentPostprocessing = 0;
		};
		588672912E30F642006F9C95 /* Sources */ = {
			isa = PBXSourcesBuildPhase;
			buildActionMask = 2147483647;
			files = (
			);
			runOnlyForDeploymentPostprocessing = 0;
		};
		5886729B2E30F642006F9C95 /* Sources */ = {
			isa = PBXSourcesBuildPhase;
			buildActionMask = 2147483647;
			files = (
			);
			runOnlyForDeploymentPostprocessing = 0;
		};
/* End PBXSourcesBuildPhase section */

/* Begin PBXTargetDependency section */
		588672972E30F642006F9C95 /* PBXTargetDependency */ = {
			isa = PBXTargetDependency;
			target = 588672872E30F641006F9C95 /* FitnessBoo */;
			targetProxy = 588672962E30F642006F9C95 /* PBXContainerItemProxy */;
		};
		588672A12E30F642006F9C95 /* PBXTargetDependency */ = {
			isa = PBXTargetDependency;
			target = 588672872E30F641006F9C95 /* FitnessBoo */;
			targetProxy = 588672A02E30F642006F9C95 /* PBXContainerItemProxy */;
		};
/* End PBXTargetDependency section */

/* Begin XCBuildConfiguration section */
		588672A72E30F642006F9C95 /* Debug */ = {
			isa = XCBuildConfiguration;
			buildSettings = {
				ALWAYS_SEARCH_USER_PATHS = NO;
				ASSETCATALOG_COMPILER_GENERATE_SWIFT_ASSET_SYMBOL_EXTENSIONS = YES;
				CLANG_ANALYZER_NONNULL = YES;
				CLANG_ANALYZER_NUMBER_OBJECT_CONVERSION = YES_AGGRESSIVE;
				CLANG_CXX_LANGUAGE_STANDARD = "gnu++20";
				CLANG_ENABLE_MODULES = YES;
				CLANG_ENABLE_OBJC_ARC = YES;
				CLANG_ENABLE_OBJC_WEAK = YES;
				CLANG_WARN_BLOCK_CAPTURE_AUTORELEASING = YES;
				CLANG_WARN_BOOL_CONVERSION = YES;
				CLANG_WARN_COMMA = YES;
				CLANG_WARN_CONSTANT_CONVERSION = YES;
				CLANG_WARN_DEPRECATED_OBJC_IMPLEMENTATIONS = YES;
				CLANG_WARN_DIRECT_OBJC_ISA_USAGE = YES_ERROR;
				CLANG_WARN_DOCUMENTATION_COMMENTS = YES;
				CLANG_WARN_EMPTY_BODY = YES;
				CLANG_WARN_ENUM_CONVERSION = YES;
				CLANG_WARN_INFINITE_RECURSION = YES;
				CLANG_WARN_INT_CONVERSION = YES;
				CLANG_WARN_NON_LITERAL_NULL_CONVERSION = YES;
				CLANG_WARN_OBJC_IMPLICIT_RETAIN_SELF = YES;
				CLANG_WARN_OBJC_LITERAL_CONVERSION = YES;
				CLANG_WARN_OBJC_ROOT_CLASS = YES_ERROR;
				CLANG_WARN_QUOTED_INCLUDE_IN_FRAMEWORK_HEADER = YES;
				CLANG_WARN_RANGE_LOOP_ANALYSIS = YES;
				CLANG_WARN_STRICT_PROTOTYPES = YES;
				CLANG_WARN_SUSPICIOUS_MOVE = YES;
				CLANG_WARN_UNGUARDED_AVAILABILITY = YES_AGGRESSIVE;
				CLANG_WARN_UNREACHABLE_CODE = YES;
				CLANG_WARN__DUPLICATE_METHOD_MATCH = YES;
				COPY_PHASE_STRIP = NO;
				DEBUG_INFORMATION_FORMAT = dwarf;
				DEVELOPMENT_TEAM = 6AWG6XKD86;
				ENABLE_STRICT_OBJC_MSGSEND = YES;
				ENABLE_TESTABILITY = YES;
				ENABLE_USER_SCRIPT_SANDBOXING = YES;
				GCC_C_LANGUAGE_STANDARD = gnu17;
				GCC_DYNAMIC_NO_PIC = NO;
				GCC_NO_COMMON_BLOCKS = YES;
				GCC_OPTIMIZATION_LEVEL = 0;
				GCC_PREPROCESSOR_DEFINITIONS = (
					"DEBUG=1",
					"$(inherited)",
				);
				GCC_WARN_64_TO_32_BIT_CONVERSION = YES;
				GCC_WARN_ABOUT_RETURN_TYPE = YES_ERROR;
				GCC_WARN_UNDECLARED_SELECTOR = YES;
				GCC_WARN_UNINITIALIZED_AUTOS = YES_AGGRESSIVE;
				GCC_WARN_UNUSED_FUNCTION = YES;
				GCC_WARN_UNUSED_VARIABLE = YES;
				IPHONEOS_DEPLOYMENT_TARGET = 18.5;
				LOCALIZATION_PREFERS_STRING_CATALOGS = YES;
				MTL_ENABLE_DEBUG_INFO = INCLUDE_SOURCE;
				MTL_FAST_MATH = YES;
				ONLY_ACTIVE_ARCH = YES;
				SDKROOT = iphoneos;
				SWIFT_ACTIVE_COMPILATION_CONDITIONS = "DEBUG $(inherited)";
				SWIFT_OPTIMIZATION_LEVEL = "-Onone";
			};
			name = Debug;
		};
		588672A82E30F642006F9C95 /* Release */ = {
			isa = XCBuildConfiguration;
			buildSettings = {
				ALWAYS_SEARCH_USER_PATHS = NO;
				ASSETCATALOG_COMPILER_GENERATE_SWIFT_ASSET_SYMBOL_EXTENSIONS = YES;
				CLANG_ANALYZER_NONNULL = YES;
				CLANG_ANALYZER_NUMBER_OBJECT_CONVERSION = YES_AGGRESSIVE;
				CLANG_CXX_LANGUAGE_STANDARD = "gnu++20";
				CLANG_ENABLE_MODULES = YES;
				CLANG_ENABLE_OBJC_ARC = YES;
				CLANG_ENABLE_OBJC_WEAK = YES;
				CLANG_WARN_BLOCK_CAPTURE_AUTORELEASING = YES;
				CLANG_WARN_BOOL_CONVERSION = YES;
				CLANG_WARN_COMMA = YES;
				CLANG_WARN_CONSTANT_CONVERSION = YES;
				CLANG_WARN_DEPRECATED_OBJC_IMPLEMENTATIONS = YES;
				CLANG_WARN_DIRECT_OBJC_ISA_USAGE = YES_ERROR;
				CLANG_WARN_DOCUMENTATION_COMMENTS = YES;
				CLANG_WARN_EMPTY_BODY = YES;
				CLANG_WARN_ENUM_CONVERSION = YES;
				CLANG_WARN_INFINITE_RECURSION = YES;
				CLANG_WARN_INT_CONVERSION = YES;
				CLANG_WARN_NON_LITERAL_NULL_CONVERSION = YES;
				CLANG_WARN_OBJC_IMPLICIT_RETAIN_SELF = YES;
				CLANG_WARN_OBJC_LITERAL_CONVERSION = YES;
				CLANG_WARN_OBJC_ROOT_CLASS = YES_ERROR;
				CLANG_WARN_QUOTED_INCLUDE_IN_FRAMEWORK_HEADER = YES;
				CLANG_WARN_RANGE_LOOP_ANALYSIS = YES;
				CLANG_WARN_STRICT_PROTOTYPES = YES;
				CLANG_WARN_SUSPICIOUS_MOVE = YES;
				CLANG_WARN_UNGUARDED_AVAILABILITY = YES_AGGRESSIVE;
				CLANG_WARN_UNREACHABLE_CODE = YES;
				CLANG_WARN__DUPLICATE_METHOD_MATCH = YES;
				COPY_PHASE_STRIP = NO;
				DEBUG_INFORMATION_FORMAT = "dwarf-with-dsym";
				DEVELOPMENT_TEAM = 6AWG6XKD86;
				ENABLE_NS_ASSERTIONS = NO;
				ENABLE_STRICT_OBJC_MSGSEND = YES;
				ENABLE_USER_SCRIPT_SANDBOXING = YES;
				GCC_C_LANGUAGE_STANDARD = gnu17;
				GCC_NO_COMMON_BLOCKS = YES;
				GCC_WARN_64_TO_32_BIT_CONVERSION = YES;
				GCC_WARN_ABOUT_RETURN_TYPE = YES_ERROR;
				GCC_WARN_UNDECLARED_SELECTOR = YES;
				GCC_WARN_UNINITIALIZED_AUTOS = YES_AGGRESSIVE;
				GCC_WARN_UNUSED_FUNCTION = YES;
				GCC_WARN_UNUSED_VARIABLE = YES;
				IPHONEOS_DEPLOYMENT_TARGET = 18.5;
				LOCALIZATION_PREFERS_STRING_CATALOGS = YES;
				MTL_ENABLE_DEBUG_INFO = NO;
				MTL_FAST_MATH = YES;
				SDKROOT = iphoneos;
				SWIFT_COMPILATION_MODE = wholemodule;
				VALIDATE_PRODUCT = YES;
			};
			name = Release;
		};
		588672AA2E30F642006F9C95 /* Debug */ = {
			isa = XCBuildConfiguration;
			buildSettings = {
				ASSETCATALOG_COMPILER_APPICON_NAME = AppIcon;
				ASSETCATALOG_COMPILER_GLOBAL_ACCENT_COLOR_NAME = AccentColor;
				CODE_SIGN_ENTITLEMENTS = FitnessBoo/FitnessBoo.entitlements;
				CODE_SIGN_STYLE = Automatic;
				CURRENT_PROJECT_VERSION = 1;
				DEVELOPMENT_TEAM = 6AWG6XKD86;
				ENABLE_PREVIEWS = YES;
				GENERATE_INFOPLIST_FILE = YES;
				INFOPLIST_KEY_NSHealthShareUsageDescription = "FitnessBoo needs access to your health data to track your active and resting energy expenditure, providing accurate caloric balance calculations and personalized fitness insights.";
				INFOPLIST_KEY_NSHealthUpdateUsageDescription = "FitnessBoo needs permission to write nutrition data to your Health app to keep your dietary information synchronized across all your health apps.";
				INFOPLIST_KEY_UIApplicationSceneManifest_Generation = YES;
				INFOPLIST_KEY_UIApplicationSupportsIndirectInputEvents = YES;
				INFOPLIST_KEY_UILaunchScreen_Generation = YES;
				INFOPLIST_KEY_UISupportedInterfaceOrientations_iPad = "UIInterfaceOrientationPortrait UIInterfaceOrientationPortraitUpsideDown UIInterfaceOrientationLandscapeLeft UIInterfaceOrientationLandscapeRight";
				INFOPLIST_KEY_UISupportedInterfaceOrientations_iPhone = "UIInterfaceOrientationPortrait UIInterfaceOrientationLandscapeLeft UIInterfaceOrientationLandscapeRight";
				LD_RUNPATH_SEARCH_PATHS = (
					"$(inherited)",
					"@executable_path/Frameworks",
				);
				MARKETING_VERSION = 1.4;
				PRODUCT_BUNDLE_IDENTIFIER = evangelosmeklis.FitnessBoo;
				PRODUCT_NAME = "$(TARGET_NAME)";
				SWIFT_EMIT_LOC_STRINGS = YES;
				SWIFT_VERSION = 5.0;
				TARGETED_DEVICE_FAMILY = "1,2";
			};
			name = Debug;
		};
		588672AB2E30F642006F9C95 /* Release */ = {
			isa = XCBuildConfiguration;
			buildSettings = {
				ASSETCATALOG_COMPILER_APPICON_NAME = AppIcon;
				ASSETCATALOG_COMPILER_GLOBAL_ACCENT_COLOR_NAME = AccentColor;
				CODE_SIGN_ENTITLEMENTS = FitnessBoo/FitnessBoo.entitlements;
				CODE_SIGN_STYLE = Automatic;
				CURRENT_PROJECT_VERSION = 1;
				DEVELOPMENT_TEAM = 6AWG6XKD86;
				ENABLE_PREVIEWS = YES;
				GENERATE_INFOPLIST_FILE = YES;
				INFOPLIST_KEY_NSHealthShareUsageDescription = "FitnessBoo needs access to your health data to track your active and resting energy expenditure, providing accurate caloric balance calculations and personalized fitness insights.";
				INFOPLIST_KEY_NSHealthUpdateUsageDescription = "FitnessBoo needs permission to write nutrition data to your Health app to keep your dietary information synchronized across all your health apps.";
				INFOPLIST_KEY_UIApplicationSceneManifest_Generation = YES;
				INFOPLIST_KEY_UIApplicationSupportsIndirectInputEvents = YES;
				INFOPLIST_KEY_UILaunchScreen_Generation = YES;
				INFOPLIST_KEY_UISupportedInterfaceOrientations_iPad = "UIInterfaceOrientationPortrait UIInterfaceOrientationPortraitUpsideDown UIInterfaceOrientationLandscapeLeft UIInterfaceOrientationLandscapeRight";
				INFOPLIST_KEY_UISupportedInterfaceOrientations_iPhone = "UIInterfaceOrientationPortrait UIInterfaceOrientationLandscapeLeft UIInterfaceOrientationLandscapeRight";
				LD_RUNPATH_SEARCH_PATHS = (
					"$(inherited)",
					"@executable_path/Frameworks",
				);
				MARKETING_VERSION = 1.4;
				PRODUCT_BUNDLE_IDENTIFIER = evangelosmeklis.FitnessBoo;
				PRODUCT_NAME = "$(TARGET_NAME)";
				SWIFT_EMIT_LOC_STRINGS = YES;
				SWIFT_VERSION = 5.0;
				TARGETED_DEVICE_FAMILY = "1,2";
			};
			name = Release;
		};
		588672AD2E30F642006F9C95 /* Debug */ = {
			isa = XCBuildConfiguration;
			buildSettings = {
				BUNDLE_LOADER = "$(TEST_HOST)";
				CODE_SIGN_STYLE = Automatic;
				CURRENT_PROJECT_VERSION = 1;
				DEVELOPMENT_TEAM = 6AWG6XKD86;
				GENERATE_INFOPLIST_FILE = YES;
				IPHONEOS_DEPLOYMENT_TARGET = 18.5;
				MARKETING_VERSION = 1.4;
				PRODUCT_BUNDLE_IDENTIFIER = evangelosmeklis.FitnessBooTests;
				PRODUCT_NAME = "$(TARGET_NAME)";
				SWIFT_EMIT_LOC_STRINGS = NO;
				SWIFT_VERSION = 5.0;
				TARGETED_DEVICE_FAMILY = "1,2";
				TEST_HOST = "$(BUILT_PRODUCTS_DIR)/FitnessBoo.app/$(BUNDLE_EXECUTABLE_FOLDER_PATH)/FitnessBoo";
			};
			name = Debug;
		};
		588672AE2E30F642006F9C95 /* Release */ = {
			isa = XCBuildConfiguration;
			buildSettings = {
				BUNDLE_LOADER = "$(TEST_HOST)";
				CODE_SIGN_STYLE = Automatic;
				CURRENT_PROJECT_VERSION = 1;
				DEVELOPMENT_TEAM = 6AWG6XKD86;
				GENERATE_INFOPLIST_FILE = YES;
				IPHONEOS_DEPLOYMENT_TARGET = 18.5;
				MARKETING_VERSION = 1.4;
				PRODUCT_BUNDLE_IDENTIFIER = evangelosmeklis.FitnessBooTests;
				PRODUCT_NAME = "$(TARGET_NAME)";
				SWIFT_EMIT_LOC_STRINGS = NO;
				SWIFT_VERSION = 5.0;
				TARGETED_DEVICE_FAMILY = "1,2";
				TEST_HOST = "$(BUILT_PRODUCTS_DIR)/FitnessBoo.app/$(BUNDLE_EXECUTABLE_FOLDER_PATH)/FitnessBoo";
			};
			name = Release;
		};
		588672B02E30F642006F9C95 /* Debug */ = {
			isa = XCBuildConfiguration;
			buildSettings = {
				CODE_SIGN_STYLE = Automatic;
				CURRENT_PROJECT_VERSION = 1;
				DEVELOPMENT_TEAM = 6AWG6XKD86;
				GENERATE_INFOPLIST_FILE = YES;
				MARKETING_VERSION = 1.4;
				PRODUCT_BUNDLE_IDENTIFIER = evangelosmeklis.FitnessBooUITests;
				PRODUCT_NAME = "$(TARGET_NAME)";
				SWIFT_EMIT_LOC_STRINGS = NO;
				SWIFT_VERSION = 5.0;
				TARGETED_DEVICE_FAMILY = "1,2";
				TEST_TARGET_NAME = FitnessBoo;
			};
			name = Debug;
		};
		588672B12E30F642006F9C95 /* Release */ = {
			isa = XCBuildConfiguration;
			buildSettings = {
				CODE_SIGN_STYLE = Automatic;
				CURRENT_PROJECT_VERSION = 1;
				DEVELOPMENT_TEAM = 6AWG6XKD86;
				GENERATE_INFOPLIST_FILE = YES;
				MARKETING_VERSION = 1.4;
				PRODUCT_BUNDLE_IDENTIFIER = evangelosmeklis.FitnessBooUITests;
				PRODUCT_NAME = "$(TARGET_NAME)";
				SWIFT_EMIT_LOC_STRINGS = NO;
				SWIFT_VERSION = 5.0;
				TARGETED_DEVICE_FAMILY = "1,2";
				TEST_TARGET_NAME = FitnessBoo;
			};
			name = Release;
		};
/* End XCBuildConfiguration section */

/* Begin XCConfigurationList section */
		588672832E30F641006F9C95 /* Build configuration list for PBXProject "FitnessBoo" */ = {
			isa = XCConfigurationList;
			buildConfigurations = (
				588672A72E30F642006F9C95 /* Debug */,
				588672A82E30F642006F9C95 /* Release */,
			);
			defaultConfigurationIsVisible = 0;
			defaultConfigurationName = Release;
		};
		588672A92E30F642006F9C95 /* Build configuration list for PBXNativeTarget "FitnessBoo" */ = {
			isa = XCConfigurationList;
			buildConfigurations = (
				588672AA2E30F642006F9C95 /* Debug */,
				588672AB2E30F642006F9C95 /* Release */,
			);
			defaultConfigurationIsVisible = 0;
			defaultConfigurationName = Release;
		};
		588672AC2E30F642006F9C95 /* Build configuration list for PBXNativeTarget "FitnessBooTests" */ = {
			isa = XCConfigurationList;
			buildConfigurations = (
				588672AD2E30F642006F9C95 /* Debug */,
				588672AE2E30F642006F9C95 /* Release */,
			);
			defaultConfigurationIsVisible = 0;
			defaultConfigurationName = Release;
		};
		588672AF2E30F642006F9C95 /* Build configuration list for PBXNativeTarget "FitnessBooUITests" */ = {
			isa = XCConfigurationList;
			buildConfigurations = (
				588672B02E30F642006F9C95 /* Debug */,
				588672B12E30F642006F9C95 /* Release */,
			);
			defaultConfigurationIsVisible = 0;
			defaultConfigurationName = Release;
		};
/* End XCConfigurationList section */
	};
	rootObject = 588672802E30F641006F9C95 /* Project object */;
}
